PODS:
  - Nimble (7.0.3)
  - Quick (1.2.0)
  - SJSwiftExtensions (0.1.0)

DEPENDENCIES:
  - Nimble (~> 7.0.2)
  - Quick (~> 1.2.0)
  - SJSwiftExtensions (from `../`)

EXTERNAL SOURCES:
  SJSwiftExtensions:
    :path: ../

SPEC CHECKSUMS:
  Nimble: 7f5a9c447a33002645a071bddafbfb24ea70e0ac
  Quick: 58d203b1c5e27fff7229c4c1ae445ad7069a7a08
  SJSwiftExtensions: bccd18c5829ee6358fef38d3a67f083bcca82170

PODFILE CHECKSUM: 1de92e00a9ef045f6486dfdcb1e9c58def3cfcda

COCOAPODS: 1.4.0
